
Microsoft Visual Studio Solution File, Format Version 12.00
# Visual Studio Version 17
VisualStudioVersion = 17.6.33712.159
MinimumVisualStudioVersion = 10.0.40219.1
Project("{FAE04EC0-301F-11D3-BF4B-00C04F79EFBC}") = "ProdutosApi", "ProdutosApi\ProdutosApi.csproj", "{E0E106FA-5CEA-4D0C-8719-F39E23D53748}"
EndProject
Global
	GlobalSection(SolutionConfigurationPlatforms) = preSolution
		Debug|Any CPU = Debug|Any CPU
		Release|Any CPU = Release|Any CPU
	EndGlobalSection
	GlobalSection(ProjectConfigurationPlatforms) = postSolution
		{E0E106FA-5CEA-4D0C-8719-F39E23D53748}.Debug|Any CPU.ActiveCfg = Debug|Any CPU
		{E0E106FA-5CEA-4D0C-8719-F39E23D53748}.Debug|Any CPU.Build.0 = Debug|Any CPU
		{E0E106FA-5CEA-4D0C-8719-F39E23D53748}.Release|Any CPU.ActiveCfg = Release|Any CPU
		{E0E106FA-5CEA-4D0C-8719-F39E23D53748}.Release|Any CPU.Build.0 = Release|Any CPU
	EndGlobalSection
	GlobalSection(SolutionProperties) = preSolution
		HideSolutionNode = FALSE
	EndGlobalSection
	GlobalSection(ExtensibilityGlobals) = postSolution
		SolutionGuid = {85D31C83-09E4-4E83-A47E-43C9A6CD70DA}
	EndGlobalSection
EndGlobal
